
Microsoft Visual Studio Solution File, Format Version 12.00
# Visual Studio Version 17
VisualStudioVersion = 17.6.33723.286
MinimumVisualStudioVersion = 10.0.40219.1
Project("{9A19103F-16F7-4668-BE54-9A1E7A4F7556}") = "NewLogger", "NewLogger\NewLogger.csproj", "{975A7DE0-3BA1-4E1D-818E-92E0DA197C8A}"
EndProject
Global
	GlobalSection(SolutionConfigurationPlatforms) = preSolution
		Debug|Any CPU = Debug|Any CPU
		Release|Any CPU = Release|Any CPU
	EndGlobalSection
	GlobalSection(ProjectConfigurationPlatforms) = postSolution
		{975A7DE0-3BA1-4E1D-818E-92E0DA197C8A}.Debug|Any CPU.ActiveCfg = Debug|Any CPU
		{975A7DE0-3BA1-4E1D-818E-92E0DA197C8A}.Debug|Any CPU.Build.0 = Debug|Any CPU
		{975A7DE0-3BA1-4E1D-818E-92E0DA197C8A}.Release|Any CPU.ActiveCfg = Release|Any CPU
		{975A7DE0-3BA1-4E1D-818E-92E0DA197C8A}.Release|Any CPU.Build.0 = Release|Any CPU
	EndGlobalSection
	GlobalSection(SolutionProperties) = preSolution
		HideSolutionNode = FALSE
	EndGlobalSection
	GlobalSection(ExtensibilityGlobals) = postSolution
		SolutionGuid = {CD6D08C9-4D51-4289-87B8-23C2701FEF1D}
	EndGlobalSection
EndGlobal
